
Microsoft Visual Studio Solution File, Format Version 12.00
# Visual Studio Version 16
VisualStudioVersion = 16.0.31005.135
MinimumVisualStudioVersion = 10.0.40219.1
Project("{9A19103F-16F7-4668-BE54-9A1E7A4F7556}") = "QaryaHealth.API", "QaryaHealth.API\QaryaHealth.API.csproj", "{0B0E7F38-64B1-490A-862C-E7C375F00D46}"
EndProject
Project("{9A19103F-16F7-4668-BE54-9A1E7A4F7556}") = "QaryaHealth.Core", "QaryaHealth.Core\QaryaHealth.Core.csproj", "{CC720663-21EF-41A7-B087-2C8BB9109530}"
EndProject
Project("{9A19103F-16F7-4668-BE54-9A1E7A4F7556}") = "QaryaHealth.Service", "QaryaHealth.Service\QaryaHealth.Service.csproj", "{A5AD33DD-AFFE-4486-92B0-49035C173431}"
EndProject
Project("{FAE04EC0-301F-11D3-BF4B-00C04F79EFBC}") = "QaryaHealth.Infrastructure", "QaryaHealth.Infrastructure\QaryaHealth.Infrastructure.csproj", "{F51AB3A1-C7E7-42C4-8989-8B2C832D3BFC}"
EndProject
Global
	GlobalSection(SolutionConfigurationPlatforms) = preSolution
		Debug|Any CPU = Debug|Any CPU
		Release|Any CPU = Release|Any CPU
	EndGlobalSection
	GlobalSection(ProjectConfigurationPlatforms) = postSolution
		{0B0E7F38-64B1-490A-862C-E7C375F00D46}.Debug|Any CPU.ActiveCfg = Debug|Any CPU
		{0B0E7F38-64B1-490A-862C-E7C375F00D46}.Debug|Any CPU.Build.0 = Debug|Any CPU
		{0B0E7F38-64B1-490A-862C-E7C375F00D46}.Release|Any CPU.ActiveCfg = Release|Any CPU
		{0B0E7F38-64B1-490A-862C-E7C375F00D46}.Release|Any CPU.Build.0 = Release|Any CPU
		{CC720663-21EF-41A7-B087-2C8BB9109530}.Debug|Any CPU.ActiveCfg = Debug|Any CPU
		{CC720663-21EF-41A7-B087-2C8BB9109530}.Debug|Any CPU.Build.0 = Debug|Any CPU
		{CC720663-21EF-41A7-B087-2C8BB9109530}.Release|Any CPU.ActiveCfg = Release|Any CPU
		{CC720663-21EF-41A7-B087-2C8BB9109530}.Release|Any CPU.Build.0 = Release|Any CPU
		{A5AD33DD-AFFE-4486-92B0-49035C173431}.Debug|Any CPU.ActiveCfg = Debug|Any CPU
		{A5AD33DD-AFFE-4486-92B0-49035C173431}.Debug|Any CPU.Build.0 = Debug|Any CPU
		{A5AD33DD-AFFE-4486-92B0-49035C173431}.Release|Any CPU.ActiveCfg = Release|Any CPU
		{A5AD33DD-AFFE-4486-92B0-49035C173431}.Release|Any CPU.Build.0 = Release|Any CPU
		{F51AB3A1-C7E7-42C4-8989-8B2C832D3BFC}.Debug|Any CPU.ActiveCfg = Debug|Any CPU
		{F51AB3A1-C7E7-42C4-8989-8B2C832D3BFC}.Debug|Any CPU.Build.0 = Debug|Any CPU
		{F51AB3A1-C7E7-42C4-8989-8B2C832D3BFC}.Release|Any CPU.ActiveCfg = Release|Any CPU
		{F51AB3A1-C7E7-42C4-8989-8B2C832D3BFC}.Release|Any CPU.Build.0 = Release|Any CPU
	EndGlobalSection
	GlobalSection(SolutionProperties) = preSolution
		HideSolutionNode = FALSE
	EndGlobalSection
	GlobalSection(ExtensibilityGlobals) = postSolution
		SolutionGuid = {A05A4131-FFB2-4BBC-81E7-1038A79FB696}
	EndGlobalSection
EndGlobal
